{
  "name": "site-docs",
  "lockfileVersion": 3,
  "requires": true,
  "packages": {
    "": {
      "name": "site-docs"
    },
    "node_modules/astro": {
      "version": "7.3.3",
      "bin": {
        "astro": "astro.js"
      },
      "engines": {
        "node": ">=22.12.0",
        "npm": ">=9.6.5"
      }
    },
    "node_modules/docs-lint": {
      "version": "2.0.0",
      "bin": {
        "docs-lint": "bin/cli.js"
      },
      "engines": {
        "node": ">=20"
      }
    },
    "node_modules/vite": {
      "version": "7.1.0",
      "bin": {
        "vite": "bin/vite.js"
      },
      "engines": {
        "node": "^20.19.0 || >=22.12.0"
      }
    }
  }
}
