{
  "name": "svc-node",
  "lockfileVersion": 3,
  "requires": true,
  "packages": {
    "": {
      "name": "svc-node"
    },
    "node_modules/left-helper": {
      "version": "1.0.0",
      "engines": {
        "node": ">=18"
      }
    },
    "node_modules/newer-helper": {
      "version": "3.1.0",
      "engines": {
        "node": ">=24"
      }
    }
  }
}
