{
  "name": "action-commands",
  "lockfileVersion": 3,
  "requires": true,
  "packages": {
    "": {
      "name": "action-commands"
    },
    "node_modules/astro": {
      "version": "7.3.3",
      "bin": {
        "astro": "astro.js"
      },
      "engines": {
        "node": ">=22.12.0",
        "npm": ">=9.6.5"
      }
    }
  }
}
