{
  "name": "legacy",
  "version": "1.0.0",
  "lockfileVersion": 2,
  "requires": true,
  "packages": {
    "": {
      "name": "legacy",
      "version": "1.0.0"
    },
    "node_modules/next": {
      "version": "15.0.0",
      "bin": {
        "next": "dist/bin/next"
      },
      "engines": {
        "node": "^18.18.0 || ^19.8.0 || >= 20.0.0"
      }
    }
  },
  "dependencies": {
    "next": {
      "version": "15.0.0"
    }
  }
}
